// !$*UTF8*$!
{
	archiveVersion = 1;
	classes = {
	};
	objectVersion = 55;
	objects = {

/* Begin PBXBuildFile section */
		FA7C96CA27BC7B9D00154580 /* AppDelegate.swift in Sources */ = {isa = PBXBuildFile; fileRef = FA7C96C927BC7B9D00154580 /* AppDelegate.swift */; };
		FA7C96CC27BC7B9D00154580 /* SceneDelegate.swift in Sources */ = {isa = PBXBuildFile; fileRef = FA7C96CB27BC7B9D00154580 /* SceneDelegate.swift */; };
		FA7C96D127BC7B9D00154580 /* Main.storyboard in Resources */ = {isa = PBXBuildFile; fileRef = FA7C96CF27BC7B9D00154580 /* Main.storyboard */; };
		FA7C96D427BC7B9D00154580 /* TheMovieDB.xcdatamodeld in Sources */ = {isa = PBXBuildFile; fileRef = FA7C96D227BC7B9D00154580 /* TheMovieDB.xcdatamodeld */; };
		FA7C96D627BC7BA200154580 /* Assets.xcassets in Resources */ = {isa = PBXBuildFile; fileRef = FA7C96D527BC7BA200154580 /* Assets.xcassets */; };
		FA7C96D927BC7BA200154580 /* LaunchScreen.storyboard in Resources */ = {isa = PBXBuildFile; fileRef = FA7C96D727BC7BA200154580 /* LaunchScreen.storyboard */; };
		FA7C96E427BC82AC00154580 /* MovieViewController.swift in Sources */ = {isa = PBXBuildFile; fileRef = FA7C96E327BC82AC00154580 /* MovieViewController.swift */; };
		FA7C96E627BC86FA00154580 /* GenreData.swift in Sources */ = {isa = PBXBuildFile; fileRef = FA7C96E527BC86FA00154580 /* GenreData.swift */; };
		FA7C96E827BC872200154580 /* GenreManager.swift in Sources */ = {isa = PBXBuildFile; fileRef = FA7C96E727BC872200154580 /* GenreManager.swift */; };
		FA7C96EC27BCAA5600154580 /* TVViewController.swift in Sources */ = {isa = PBXBuildFile; fileRef = FA7C96EB27BCAA5600154580 /* TVViewController.swift */; };
		FA7C96EE27BCAE6600154580 /* OptionsViewController.swift in Sources */ = {isa = PBXBuildFile; fileRef = FA7C96ED27BCAE6600154580 /* OptionsViewController.swift */; };
		FA7C96F027BDC68300154580 /* OptionData.swift in Sources */ = {isa = PBXBuildFile; fileRef = FA7C96EF27BDC68300154580 /* OptionData.swift */; };
		FA7C96F227BDCACF00154580 /* OptionManager.swift in Sources */ = {isa = PBXBuildFile; fileRef = FA7C96F127BDCACF00154580 /* OptionManager.swift */; };
		FA7C96F427C05F3900154580 /* SelectedViewController.swift in Sources */ = {isa = PBXBuildFile; fileRef = FA7C96F327C05F3800154580 /* SelectedViewController.swift */; };
		FA835D2D27C06145004368ED /* Selected.swift in Sources */ = {isa = PBXBuildFile; fileRef = FA835D2C27C06144004368ED /* Selected.swift */; };
		FA835D2F27C0626A004368ED /* SelectedMovieData.swift in Sources */ = {isa = PBXBuildFile; fileRef = FA835D2E27C06269004368ED /* SelectedMovieData.swift */; };
		FA835D3127C07369004368ED /* SelectedManager.swift in Sources */ = {isa = PBXBuildFile; fileRef = FA835D3027C07369004368ED /* SelectedManager.swift */; };
		FA835D3327C0811F004368ED /* SelectedTVData.swift in Sources */ = {isa = PBXBuildFile; fileRef = FA835D3227C0811F004368ED /* SelectedTVData.swift */; };
/* End PBXBuildFile section */

/* Begin PBXFileReference section */
		FA7C96C627BC7B9D00154580 /* TheMovieDB.app */ = {isa = PBXFileReference; explicitFileType = wrapper.application; includeInIndex = 0; path = TheMovieDB.app; sourceTree = BUILT_PRODUCTS_DIR; };
		FA7C96C927BC7B9D00154580 /* AppDelegate.swift */ = {isa = PBXFileReference; lastKnownFileType = sourcecode.swift; path = AppDelegate.swift; sourceTree = "<group>"; };
		FA7C96CB27BC7B9D00154580 /* SceneDelegate.swift */ = {isa = PBXFileReference; lastKnownFileType = sourcecode.swift; path = SceneDelegate.swift; sourceTree = "<group>"; };
		FA7C96D027BC7B9D00154580 /* Base */ = {isa = PBXFileReference; lastKnownFileType = file.storyboard; name = Base; path = Base.lproj/Main.storyboard; sourceTree = "<group>"; };
		FA7C96D327BC7B9D00154580 /* TheMovieDB.xcdatamodel */ = {isa = PBXFileReference; lastKnownFileType = wrapper.xcdatamodel; path = TheMovieDB.xcdatamodel; sourceTree = "<group>"; };
		FA7C96D527BC7BA200154580 /* Assets.xcassets */ = {isa = PBXFileReference; lastKnownFileType = folder.assetcatalog; path = Assets.xcassets; sourceTree = "<group>"; };
		FA7C96D827BC7BA200154580 /* Base */ = {isa = PBXFileReference; lastKnownFileType = file.storyboard; name = Base; path = Base.lproj/LaunchScreen.storyboard; sourceTree = "<group>"; };
		FA7C96DA27BC7BA200154580 /* Info.plist */ = {isa = PBXFileReference; lastKnownFileType = text.plist.xml; path = Info.plist; sourceTree = "<group>"; };
		FA7C96E327BC82AC00154580 /* MovieViewController.swift */ = {isa = PBXFileReference; lastKnownFileType = sourcecode.swift; path = MovieViewController.swift; sourceTree = "<group>"; };
		FA7C96E527BC86FA00154580 /* GenreData.swift */ = {isa = PBXFileReference; lastKnownFileType = sourcecode.swift; path = GenreData.swift; sourceTree = "<group>"; };
		FA7C96E727BC872200154580 /* GenreManager.swift */ = {isa = PBXFileReference; lastKnownFileType = sourcecode.swift; path = GenreManager.swift; sourceTree = "<group>"; };
		FA7C96EB27BCAA5600154580 /* TVViewController.swift */ = {isa = PBXFileReference; lastKnownFileType = sourcecode.swift; path = TVViewController.swift; sourceTree = "<group>"; };
		FA7C96ED27BCAE6600154580 /* OptionsViewController.swift */ = {isa = PBXFileReference; lastKnownFileType = sourcecode.swift; path = OptionsViewController.swift; sourceTree = "<group>"; };
		FA7C96EF27BDC68300154580 /* OptionData.swift */ = {isa = PBXFileReference; lastKnownFileType = sourcecode.swift; path = OptionData.swift; sourceTree = "<group>"; };
		FA7C96F127BDCACF00154580 /* OptionManager.swift */ = {isa = PBXFileReference; lastKnownFileType = sourcecode.swift; path = OptionManager.swift; sourceTree = "<group>"; };
		FA7C96F327C05F3800154580 /* SelectedViewController.swift */ = {isa = PBXFileReference; lastKnownFileType = sourcecode.swift; path = SelectedViewController.swift; sourceTree = "<group>"; };
		FA835D2C27C06144004368ED /* Selected.swift */ = {isa = PBXFileReference; lastKnownFileType = sourcecode.swift; path = Selected.swift; sourceTree = "<group>"; };
		FA835D2E27C06269004368ED /* SelectedMovieData.swift */ = {isa = PBXFileReference; lastKnownFileType = sourcecode.swift; path = SelectedMovieData.swift; sourceTree = "<group>"; };
		FA835D3027C07369004368ED /* SelectedManager.swift */ = {isa = PBXFileReference; lastKnownFileType = sourcecode.swift; path = SelectedManager.swift; sourceTree = "<group>"; };
		FA835D3227C0811F004368ED /* SelectedTVData.swift */ = {isa = PBXFileReference; lastKnownFileType = sourcecode.swift; path = SelectedTVData.swift; sourceTree = "<group>"; };
/* End PBXFileReference section */

/* Begin PBXFrameworksBuildPhase section */
		FA7C96C327BC7B9D00154580 /* Frameworks */ = {
			isa = PBXFrameworksBuildPhase;
			buildActionMask = 2147483647;
			files = (
			);
			runOnlyForDeploymentPostprocessing = 0;
		};
/* End PBXFrameworksBuildPhase section */

/* Begin PBXGroup section */
		FA7C96BD27BC7B9D00154580 = {
			isa = PBXGroup;
			children = (
				FA7C96C827BC7B9D00154580 /* TheMovieDB */,
				FA7C96C727BC7B9D00154580 /* Products */,
			);
			sourceTree = "<group>";
		};
		FA7C96C727BC7B9D00154580 /* Products */ = {
			isa = PBXGroup;
			children = (
				FA7C96C627BC7B9D00154580 /* TheMovieDB.app */,
			);
			name = Products;
			sourceTree = "<group>";
		};
		FA7C96C827BC7B9D00154580 /* TheMovieDB */ = {
			isa = PBXGroup;
			children = (
				FA7C96E227BC7E0200154580 /* Controller */,
				FA7C96E127BC7DD900154580 /* View */,
				FA7C96E027BC7DCC00154580 /* Model */,
				FA7C96C927BC7B9D00154580 /* AppDelegate.swift */,
				FA7C96CB27BC7B9D00154580 /* SceneDelegate.swift */,
				FA7C96D527BC7BA200154580 /* Assets.xcassets */,
				FA7C96D727BC7BA200154580 /* LaunchScreen.storyboard */,
				FA7C96DA27BC7BA200154580 /* Info.plist */,
				FA7C96D227BC7B9D00154580 /* TheMovieDB.xcdatamodeld */,
			);
			path = TheMovieDB;
			sourceTree = "<group>";
		};
		FA7C96E027BC7DCC00154580 /* Model */ = {
			isa = PBXGroup;
			children = (
				FA7C96E527BC86FA00154580 /* GenreData.swift */,
				FA7C96E727BC872200154580 /* GenreManager.swift */,
				FA7C96EF27BDC68300154580 /* OptionData.swift */,
				FA7C96F127BDCACF00154580 /* OptionManager.swift */,
				FA835D2C27C06144004368ED /* Selected.swift */,
				FA835D2E27C06269004368ED /* SelectedMovieData.swift */,
				FA835D3027C07369004368ED /* SelectedManager.swift */,
				FA835D3227C0811F004368ED /* SelectedTVData.swift */,
			);
			path = Model;
			sourceTree = "<group>";
		};
		FA7C96E127BC7DD900154580 /* View */ = {
			isa = PBXGroup;
			children = (
				FA7C96CF27BC7B9D00154580 /* Main.storyboard */,
			);
			path = View;
			sourceTree = "<group>";
		};
		FA7C96E227BC7E0200154580 /* Controller */ = {
			isa = PBXGroup;
			children = (
				FA7C96E327BC82AC00154580 /* MovieViewController.swift */,
				FA7C96EB27BCAA5600154580 /* TVViewController.swift */,
				FA7C96ED27BCAE6600154580 /* OptionsViewController.swift */,
				FA7C96F327C05F3800154580 /* SelectedViewController.swift */,
			);
			path = Controller;
			sourceTree = "<group>";
		};
/* End PBXGroup section */

/* Begin PBXNativeTarget section */
		FA7C96C527BC7B9D00154580 /* TheMovieDB */ = {
			isa = PBXNativeTarget;
			buildConfigurationList = FA7C96DD27BC7BA200154580 /* Build configuration list for PBXNativeTarget "TheMovieDB" */;
			buildPhases = (
				FA7C96C227BC7B9D00154580 /* Sources */,
				FA7C96C327BC7B9D00154580 /* Frameworks */,
				FA7C96C427BC7B9D00154580 /* Resources */,
			);
			buildRules = (
			);
			dependencies = (
			);
			name = TheMovieDB;
			productName = TheMovieDB;
			productReference = FA7C96C627BC7B9D00154580 /* TheMovieDB.app */;
			productType = "com.apple.product-type.application";
		};
/* End PBXNativeTarget section */

/* Begin PBXProject section */
		FA7C96BE27BC7B9D00154580 /* Project object */ = {
			isa = PBXProject;
			attributes = {
				BuildIndependentTargetsInParallel = 1;
				LastSwiftUpdateCheck = 1320;
				LastUpgradeCheck = 1320;
				TargetAttributes = {
					FA7C96C527BC7B9D00154580 = {
						CreatedOnToolsVersion = 13.2.1;
					};
				};
			};
			buildConfigurationList = FA7C96C127BC7B9D00154580 /* Build configuration list for PBXProject "TheMovieDB" */;
			compatibilityVersion = "Xcode 13.0";
			developmentRegion = en;
			hasScannedForEncodings = 0;
			knownRegions = (
				en,
				Base,
			);
			mainGroup = FA7C96BD27BC7B9D00154580;
			productRefGroup = FA7C96C727BC7B9D00154580 /* Products */;
			projectDirPath = "";
			projectRoot = "";
			targets = (
				FA7C96C527BC7B9D00154580 /* TheMovieDB */,
			);
		};
/* End PBXProject section */

/* Begin PBXResourcesBuildPhase section */
		FA7C96C427BC7B9D00154580 /* Resources */ = {
			isa = PBXResourcesBuildPhase;
			buildActionMask = 2147483647;
			files = (
				FA7C96D927BC7BA200154580 /* LaunchScreen.storyboard in Resources */,
				FA7C96D627BC7BA200154580 /* Assets.xcassets in Resources */,
				FA7C96D127BC7B9D00154580 /* Main.storyboard in Resources */,
			);
			runOnlyForDeploymentPostprocessing = 0;
		};
/* End PBXResourcesBuildPhase section */

/* Begin PBXSourcesBuildPhase section */
		FA7C96C227BC7B9D00154580 /* Sources */ = {
			isa = PBXSourcesBuildPhase;
			buildActionMask = 2147483647;
			files = (
				FA7C96EC27BCAA5600154580 /* TVViewController.swift in Sources */,
				FA7C96F227BDCACF00154580 /* OptionManager.swift in Sources */,
				FA7C96F027BDC68300154580 /* OptionData.swift in Sources */,
				FA7C96EE27BCAE6600154580 /* OptionsViewController.swift in Sources */,
				FA835D3327C0811F004368ED /* SelectedTVData.swift in Sources */,
				FA7C96E427BC82AC00154580 /* MovieViewController.swift in Sources */,
				FA7C96CA27BC7B9D00154580 /* AppDelegate.swift in Sources */,
				FA7C96E627BC86FA00154580 /* GenreData.swift in Sources */,
				FA7C96F427C05F3900154580 /* SelectedViewController.swift in Sources */,
				FA835D3127C07369004368ED /* SelectedManager.swift in Sources */,
				FA7C96E827BC872200154580 /* GenreManager.swift in Sources */,
				FA7C96D427BC7B9D00154580 /* TheMovieDB.xcdatamodeld in Sources */,
				FA835D2F27C0626A004368ED /* SelectedMovieData.swift in Sources */,
				FA835D2D27C06145004368ED /* Selected.swift in Sources */,
				FA7C96CC27BC7B9D00154580 /* SceneDelegate.swift in Sources */,
			);
			runOnlyForDeploymentPostprocessing = 0;
		};
/* End PBXSourcesBuildPhase section */

/* Begin PBXVariantGroup section */
		FA7C96CF27BC7B9D00154580 /* Main.storyboard */ = {
			isa = PBXVariantGroup;
			children = (
				FA7C96D027BC7B9D00154580 /* Base */,
			);
			name = Main.storyboard;
			sourceTree = "<group>";
		};
		FA7C96D727BC7BA200154580 /* LaunchScreen.storyboard */ = {
			isa = PBXVariantGroup;
			children = (
				FA7C96D827BC7BA200154580 /* Base */,
			);
			name = LaunchScreen.storyboard;
			sourceTree = "<group>";
		};
/* End PBXVariantGroup section */

/* Begin XCBuildConfiguration section */
		FA7C96DB27BC7BA200154580 /* Debug */ = {
			isa = XCBuildConfiguration;
			buildSettings = {
				ALWAYS_SEARCH_USER_PATHS = NO;
				CLANG_ANALYZER_NONNULL = YES;
				CLANG_ANALYZER_NUMBER_OBJECT_CONVERSION = YES_AGGRESSIVE;
				CLANG_CXX_LANGUAGE_STANDARD = "gnu++17";
				CLANG_CXX_LIBRARY = "libc++";
				CLANG_ENABLE_MODULES = YES;
				CLANG_ENABLE_OBJC_ARC = YES;
				CLANG_ENABLE_OBJC_WEAK = YES;
				CLANG_WARN_BLOCK_CAPTURE_AUTORELEASING = YES;
				CLANG_WARN_BOOL_CONVERSION = YES;
				CLANG_WARN_COMMA = YES;
				CLANG_WARN_CONSTANT_CONVERSION = YES;
				CLANG_WARN_DEPRECATED_OBJC_IMPLEMENTATIONS = YES;
				CLANG_WARN_DIRECT_OBJC_ISA_USAGE = YES_ERROR;
				CLANG_WARN_DOCUMENTATION_COMMENTS = YES;
				CLANG_WARN_EMPTY_BODY = YES;
				CLANG_WARN_ENUM_CONVERSION = YES;
				CLANG_WARN_INFINITE_RECURSION = YES;
				CLANG_WARN_INT_CONVERSION = YES;
				CLANG_WARN_NON_LITERAL_NULL_CONVERSION = YES;
				CLANG_WARN_OBJC_IMPLICIT_RETAIN_SELF = YES;
				CLANG_WARN_OBJC_LITERAL_CONVERSION = YES;
				CLANG_WARN_OBJC_ROOT_CLASS = YES_ERROR;
				CLANG_WARN_QUOTED_INCLUDE_IN_FRAMEWORK_HEADER = YES;
				CLANG_WARN_RANGE_LOOP_ANALYSIS = YES;
				CLANG_WARN_STRICT_PROTOTYPES = YES;
				CLANG_WARN_SUSPICIOUS_MOVE = YES;
				CLANG_WARN_UNGUARDED_AVAILABILITY = YES_AGGRESSIVE;
				CLANG_WARN_UNREACHABLE_CODE = YES;
				CLANG_WARN__DUPLICATE_METHOD_MATCH = YES;
				COPY_PHASE_STRIP = NO;
				DEBUG_INFORMATION_FORMAT = dwarf;
				ENABLE_STRICT_OBJC_MSGSEND = YES;
				ENABLE_TESTABILITY = YES;
				GCC_C_LANGUAGE_STANDARD = gnu11;
				GCC_DYNAMIC_NO_PIC = NO;
				GCC_NO_COMMON_BLOCKS = YES;
				GCC_OPTIMIZATION_LEVEL = 0;
				GCC_PREPROCESSOR_DEFINITIONS = (
					"DEBUG=1",
					"$(inherited)",
				);
				GCC_WARN_64_TO_32_BIT_CONVERSION = YES;
				GCC_WARN_ABOUT_RETURN_TYPE = YES_ERROR;
				GCC_WARN_UNDECLARED_SELECTOR = YES;
				GCC_WARN_UNINITIALIZED_AUTOS = YES_AGGRESSIVE;
				GCC_WARN_UNUSED_FUNCTION = YES;
				GCC_WARN_UNUSED_VARIABLE = YES;
				IPHONEOS_DEPLOYMENT_TARGET = 15.2;
				MTL_ENABLE_DEBUG_INFO = INCLUDE_SOURCE;
				MTL_FAST_MATH = YES;
				ONLY_ACTIVE_ARCH = YES;
				SDKROOT = iphoneos;
				SWIFT_ACTIVE_COMPILATION_CONDITIONS = DEBUG;
				SWIFT_OPTIMIZATION_LEVEL = "-Onone";
			};
			name = Debug;
		};
		FA7C96DC27BC7BA200154580 /* Release */ = {
			isa = XCBuildConfiguration;
			buildSettings = {
				ALWAYS_SEARCH_USER_PATHS = NO;
				CLANG_ANALYZER_NONNULL = YES;
				CLANG_ANALYZER_NUMBER_OBJECT_CONVERSION = YES_AGGRESSIVE;
				CLANG_CXX_LANGUAGE_STANDARD = "gnu++17";
				CLANG_CXX_LIBRARY = "libc++";
				CLANG_ENABLE_MODULES = YES;
				CLANG_ENABLE_OBJC_ARC = YES;
				CLANG_ENABLE_OBJC_WEAK = YES;
				CLANG_WARN_BLOCK_CAPTURE_AUTORELEASING = YES;
				CLANG_WARN_BOOL_CONVERSION = YES;
				CLANG_WARN_COMMA = YES;
				CLANG_WARN_CONSTANT_CONVERSION = YES;
				CLANG_WARN_DEPRECATED_OBJC_IMPLEMENTATIONS = YES;
				CLANG_WARN_DIRECT_OBJC_ISA_USAGE = YES_ERROR;
				CLANG_WARN_DOCUMENTATION_COMMENTS = YES;
				CLANG_WARN_EMPTY_BODY = YES;
				CLANG_WARN_ENUM_CONVERSION = YES;
				CLANG_WARN_INFINITE_RECURSION = YES;
				CLANG_WARN_INT_CONVERSION = YES;
				CLANG_WARN_NON_LITERAL_NULL_CONVERSION = YES;
				CLANG_WARN_OBJC_IMPLICIT_RETAIN_SELF = YES;
				CLANG_WARN_OBJC_LITERAL_CONVERSION = YES;
				CLANG_WARN_OBJC_ROOT_CLASS = YES_ERROR;
				CLANG_WARN_QUOTED_INCLUDE_IN_FRAMEWORK_HEADER = YES;
				CLANG_WARN_RANGE_LOOP_ANALYSIS = YES;
				CLANG_WARN_STRICT_PROTOTYPES = YES;
				CLANG_WARN_SUSPICIOUS_MOVE = YES;
				CLANG_WARN_UNGUARDED_AVAILABILITY = YES_AGGRESSIVE;
				CLANG_WARN_UNREACHABLE_CODE = YES;
				CLANG_WARN__DUPLICATE_METHOD_MATCH = YES;
				COPY_PHASE_STRIP = NO;
				DEBUG_INFORMATION_FORMAT = "dwarf-with-dsym";
				ENABLE_NS_ASSERTIONS = NO;
				ENABLE_STRICT_OBJC_MSGSEND = YES;
				GCC_C_LANGUAGE_STANDARD = gnu11;
				GCC_NO_COMMON_BLOCKS = YES;
				GCC_WARN_64_TO_32_BIT_CONVERSION = YES;
				GCC_WARN_ABOUT_RETURN_TYPE = YES_ERROR;
				GCC_WARN_UNDECLARED_SELECTOR = YES;
				GCC_WARN_UNINITIALIZED_AUTOS = YES_AGGRESSIVE;
				GCC_WARN_UNUSED_FUNCTION = YES;
				GCC_WARN_UNUSED_VARIABLE = YES;
				IPHONEOS_DEPLOYMENT_TARGET = 15.2;
				MTL_ENABLE_DEBUG_INFO = NO;
				MTL_FAST_MATH = YES;
				SDKROOT = iphoneos;
				SWIFT_COMPILATION_MODE = wholemodule;
				SWIFT_OPTIMIZATION_LEVEL = "-O";
				VALIDATE_PRODUCT = YES;
			};
			name = Release;
		};
		FA7C96DE27BC7BA200154580 /* Debug */ = {
			isa = XCBuildConfiguration;
			buildSettings = {
				ASSETCATALOG_COMPILER_APPICON_NAME = AppIcon;
				ASSETCATALOG_COMPILER_GLOBAL_ACCENT_COLOR_NAME = AccentColor;
				CODE_SIGN_STYLE = Automatic;
				CURRENT_PROJECT_VERSION = 1;
				DEVELOPMENT_TEAM = VSUMKDXR3X;
				GENERATE_INFOPLIST_FILE = YES;
				INFOPLIST_FILE = TheMovieDB/Info.plist;
				INFOPLIST_KEY_UIApplicationSupportsIndirectInputEvents = YES;
				INFOPLIST_KEY_UILaunchStoryboardName = LaunchScreen;
				INFOPLIST_KEY_UIMainStoryboardFile = Main;
				INFOPLIST_KEY_UISupportedInterfaceOrientations_iPad = "UIInterfaceOrientationPortrait UIInterfaceOrientationPortraitUpsideDown UIInterfaceOrientationLandscapeLeft UIInterfaceOrientationLandscapeRight";
				INFOPLIST_KEY_UISupportedInterfaceOrientations_iPhone = "UIInterfaceOrientationPortrait UIInterfaceOrientationLandscapeLeft UIInterfaceOrientationLandscapeRight";
				LD_RUNPATH_SEARCH_PATHS = (
					"$(inherited)",
					"@executable_path/Frameworks",
				);
				MARKETING_VERSION = 1.0;
				PRODUCT_BUNDLE_IDENTIFIER = com.jorgebernal.TheMovieDB;
				PRODUCT_NAME = "$(TARGET_NAME)";
				SWIFT_EMIT_LOC_STRINGS = YES;
				SWIFT_VERSION = 5.0;
				TARGETED_DEVICE_FAMILY = "1,2";
			};
			name = Debug;
		};
		FA7C96DF27BC7BA200154580 /* Release */ = {
			isa = XCBuildConfiguration;
			buildSettings = {
				ASSETCATALOG_COMPILER_APPICON_NAME = AppIcon;
				ASSETCATALOG_COMPILER_GLOBAL_ACCENT_COLOR_NAME = AccentColor;
				CODE_SIGN_STYLE = Automatic;
				CURRENT_PROJECT_VERSION = 1;
				DEVELOPMENT_TEAM = VSUMKDXR3X;
				GENERATE_INFOPLIST_FILE = YES;
				INFOPLIST_FILE = TheMovieDB/Info.plist;
				INFOPLIST_KEY_UIApplicationSupportsIndirectInputEvents = YES;
				INFOPLIST_KEY_UILaunchStoryboardName = LaunchScreen;
				INFOPLIST_KEY_UIMainStoryboardFile = Main;
				INFOPLIST_KEY_UISupportedInterfaceOrientations_iPad = "UIInterfaceOrientationPortrait UIInterfaceOrientationPortraitUpsideDown UIInterfaceOrientationLandscapeLeft UIInterfaceOrientationLandscapeRight";
				INFOPLIST_KEY_UISupportedInterfaceOrientations_iPhone = "UIInterfaceOrientationPortrait UIInterfaceOrientationLandscapeLeft UIInterfaceOrientationLandscapeRight";
				LD_RUNPATH_SEARCH_PATHS = (
					"$(inherited)",
					"@executable_path/Frameworks",
				);
				MARKETING_VERSION = 1.0;
				PRODUCT_BUNDLE_IDENTIFIER = com.jorgebernal.TheMovieDB;
				PRODUCT_NAME = "$(TARGET_NAME)";
				SWIFT_EMIT_LOC_STRINGS = YES;
				SWIFT_VERSION = 5.0;
				TARGETED_DEVICE_FAMILY = "1,2";
			};
			name = Release;
		};
/* End XCBuildConfiguration section */

/* Begin XCConfigurationList section */
		FA7C96C127BC7B9D00154580 /* Build configuration list for PBXProject "TheMovieDB" */ = {
			isa = XCConfigurationList;
			buildConfigurations = (
				FA7C96DB27BC7BA200154580 /* Debug */,
				FA7C96DC27BC7BA200154580 /* Release */,
			);
			defaultConfigurationIsVisible = 0;
			defaultConfigurationName = Release;
		};
		FA7C96DD27BC7BA200154580 /* Build configuration list for PBXNativeTarget "TheMovieDB" */ = {
			isa = XCConfigurationList;
			buildConfigurations = (
				FA7C96DE27BC7BA200154580 /* Debug */,
				FA7C96DF27BC7BA200154580 /* Release */,
			);
			defaultConfigurationIsVisible = 0;
			defaultConfigurationName = Release;
		};
/* End XCConfigurationList section */

/* Begin XCVersionGroup section */
		FA7C96D227BC7B9D00154580 /* TheMovieDB.xcdatamodeld */ = {
			isa = XCVersionGroup;
			children = (
				FA7C96D327BC7B9D00154580 /* TheMovieDB.xcdatamodel */,
			);
			currentVersion = FA7C96D327BC7B9D00154580 /* TheMovieDB.xcdatamodel */;
			path = TheMovieDB.xcdatamodeld;
			sourceTree = "<group>";
			versionGroupType = wrapper.xcdatamodel;
		};
/* End XCVersionGroup section */
	};
	rootObject = FA7C96BE27BC7B9D00154580 /* Project object */;
}
